// !$*UTF8*$!
{
	archiveVersion = 1;
	classes = {
	};
	objectVersion = 50;
	objects = {

/* Begin PBXBuildFile section */
		4C1DE91920C2E02700C045A4 /* AppDelegate.swift in Sources */ = {isa = PBXBuildFile; fileRef = 4C1DE91820C2E02700C045A4 /* AppDelegate.swift */; };
		4C1DE91B20C2E02800C045A4 /* ViewController.swift in Sources */ = {isa = PBXBuildFile; fileRef = 4C1DE91A20C2E02800C045A4 /* ViewController.swift */; };
		4C1DE91E20C2E02800C045A4 /* Main.storyboard in Resources */ = {isa = PBXBuildFile; fileRef = 4C1DE91C20C2E02800C045A4 /* Main.storyboard */; };
		4C1DE92020C2E02A00C045A4 /* Assets.xcassets in Resources */ = {isa = PBXBuildFile; fileRef = 4C1DE91F20C2E02A00C045A4 /* Assets.xcassets */; };
		4C1DE92320C2E02A00C045A4 /* LaunchScreen.storyboard in Resources */ = {isa = PBXBuildFile; fileRef = 4C1DE92120C2E02A00C045A4 /* LaunchScreen.storyboard */; };
		4C1DE92C20C2E04B00C045A4 /* RxProtocols.swift in Sources */ = {isa = PBXBuildFile; fileRef = 4C1DE92B20C2E04B00C045A4 /* RxProtocols.swift */; };
		4C1DE92E20C2E0EA00C045A4 /* Just.swift in Sources */ = {isa = PBXBuildFile; fileRef = 4C1DE92D20C2E0EA00C045A4 /* Just.swift */; };
		4C1DE93020C2E1B400C045A4 /* Something.swift in Sources */ = {isa = PBXBuildFile; fileRef = 4C1DE92F20C2E1B400C045A4 /* Something.swift */; };
		4C1DE93220C2E2EA00C045A4 /* ObservableTypeInt.swift in Sources */ = {isa = PBXBuildFile; fileRef = 4C1DE93120C2E2EA00C045A4 /* ObservableTypeInt.swift */; };
		4C1DE93420C2EA1800C045A4 /* Disposable.swift in Sources */ = {isa = PBXBuildFile; fileRef = 4C1DE93320C2EA1800C045A4 /* Disposable.swift */; };
		4C1DE93620C2EF1800C045A4 /* Subscribe.swift in Sources */ = {isa = PBXBuildFile; fileRef = 4C1DE93520C2EF1800C045A4 /* Subscribe.swift */; };
/* End PBXBuildFile section */

/* Begin PBXFileReference section */
		4C1DE91520C2E02700C045A4 /* RxPrototype.app */ = {isa = PBXFileReference; explicitFileType = wrapper.application; includeInIndex = 0; path = RxPrototype.app; sourceTree = BUILT_PRODUCTS_DIR; };
		4C1DE91820C2E02700C045A4 /* AppDelegate.swift */ = {isa = PBXFileReference; lastKnownFileType = sourcecode.swift; path = AppDelegate.swift; sourceTree = "<group>"; };
		4C1DE91A20C2E02800C045A4 /* ViewController.swift */ = {isa = PBXFileReference; lastKnownFileType = sourcecode.swift; path = ViewController.swift; sourceTree = "<group>"; };
		4C1DE91D20C2E02800C045A4 /* Base */ = {isa = PBXFileReference; lastKnownFileType = file.storyboard; name = Base; path = Base.lproj/Main.storyboard; sourceTree = "<group>"; };
		4C1DE91F20C2E02A00C045A4 /* Assets.xcassets */ = {isa = PBXFileReference; lastKnownFileType = folder.assetcatalog; path = Assets.xcassets; sourceTree = "<group>"; };
		4C1DE92220C2E02A00C045A4 /* Base */ = {isa = PBXFileReference; lastKnownFileType = file.storyboard; name = Base; path = Base.lproj/LaunchScreen.storyboard; sourceTree = "<group>"; };
		4C1DE92420C2E02A00C045A4 /* Info.plist */ = {isa = PBXFileReference; lastKnownFileType = text.plist.xml; path = Info.plist; sourceTree = "<group>"; };
		4C1DE92B20C2E04B00C045A4 /* RxProtocols.swift */ = {isa = PBXFileReference; lastKnownFileType = sourcecode.swift; path = RxProtocols.swift; sourceTree = "<group>"; };
		4C1DE92D20C2E0EA00C045A4 /* Just.swift */ = {isa = PBXFileReference; lastKnownFileType = sourcecode.swift; path = Just.swift; sourceTree = "<group>"; };
		4C1DE92F20C2E1B400C045A4 /* Something.swift */ = {isa = PBXFileReference; lastKnownFileType = sourcecode.swift; path = Something.swift; sourceTree = "<group>"; };
		4C1DE93120C2E2EA00C045A4 /* ObservableTypeInt.swift */ = {isa = PBXFileReference; lastKnownFileType = sourcecode.swift; path = ObservableTypeInt.swift; sourceTree = "<group>"; };
		4C1DE93320C2EA1800C045A4 /* Disposable.swift */ = {isa = PBXFileReference; lastKnownFileType = sourcecode.swift; path = Disposable.swift; sourceTree = "<group>"; };
		4C1DE93520C2EF1800C045A4 /* Subscribe.swift */ = {isa = PBXFileReference; lastKnownFileType = sourcecode.swift; path = Subscribe.swift; sourceTree = "<group>"; };
/* End PBXFileReference section */

/* Begin PBXFrameworksBuildPhase section */
		4C1DE91220C2E02700C045A4 /* Frameworks */ = {
			isa = PBXFrameworksBuildPhase;
			buildActionMask = 2147483647;
			files = (
			);
			runOnlyForDeploymentPostprocessing = 0;
		};
/* End PBXFrameworksBuildPhase section */

/* Begin PBXGroup section */
		4C1DE90C20C2E02700C045A4 = {
			isa = PBXGroup;
			children = (
				4C1DE91720C2E02700C045A4 /* RxPrototype */,
				4C1DE91620C2E02700C045A4 /* Products */,
			);
			sourceTree = "<group>";
		};
		4C1DE91620C2E02700C045A4 /* Products */ = {
			isa = PBXGroup;
			children = (
				4C1DE91520C2E02700C045A4 /* RxPrototype.app */,
			);
			name = Products;
			sourceTree = "<group>";
		};
		4C1DE91720C2E02700C045A4 /* RxPrototype */ = {
			isa = PBXGroup;
			children = (
				4C1DE92A20C2E03300C045A4 /* Rx */,
				4C1DE91820C2E02700C045A4 /* AppDelegate.swift */,
				4C1DE91A20C2E02800C045A4 /* ViewController.swift */,
				4C1DE91C20C2E02800C045A4 /* Main.storyboard */,
				4C1DE91F20C2E02A00C045A4 /* Assets.xcassets */,
				4C1DE92120C2E02A00C045A4 /* LaunchScreen.storyboard */,
				4C1DE92420C2E02A00C045A4 /* Info.plist */,
			);
			path = RxPrototype;
			sourceTree = "<group>";
		};
		4C1DE92A20C2E03300C045A4 /* Rx */ = {
			isa = PBXGroup;
			children = (
				4C1DE92B20C2E04B00C045A4 /* RxProtocols.swift */,
				4C1DE92D20C2E0EA00C045A4 /* Just.swift */,
				4C1DE92F20C2E1B400C045A4 /* Something.swift */,
				4C1DE93320C2EA1800C045A4 /* Disposable.swift */,
				4C1DE93520C2EF1800C045A4 /* Subscribe.swift */,
				4C1DE93120C2E2EA00C045A4 /* ObservableTypeInt.swift */,
			);
			path = Rx;
			sourceTree = "<group>";
		};
/* End PBXGroup section */

/* Begin PBXNativeTarget section */
		4C1DE91420C2E02700C045A4 /* RxPrototype */ = {
			isa = PBXNativeTarget;
			buildConfigurationList = 4C1DE92720C2E02A00C045A4 /* Build configuration list for PBXNativeTarget "RxPrototype" */;
			buildPhases = (
				4C1DE91120C2E02700C045A4 /* Sources */,
				4C1DE91220C2E02700C045A4 /* Frameworks */,
				4C1DE91320C2E02700C045A4 /* Resources */,
			);
			buildRules = (
			);
			dependencies = (
			);
			name = RxPrototype;
			productName = RxPrototype;
			productReference = 4C1DE91520C2E02700C045A4 /* RxPrototype.app */;
			productType = "com.apple.product-type.application";
		};
/* End PBXNativeTarget section */

/* Begin PBXProject section */
		4C1DE90D20C2E02700C045A4 /* Project object */ = {
			isa = PBXProject;
			attributes = {
				LastSwiftUpdateCheck = 0940;
				LastUpgradeCheck = 0940;
				ORGANIZATIONNAME = "Michael Long";
				TargetAttributes = {
					4C1DE91420C2E02700C045A4 = {
						CreatedOnToolsVersion = 9.4;
					};
				};
			};
			buildConfigurationList = 4C1DE91020C2E02700C045A4 /* Build configuration list for PBXProject "RxPrototype" */;
			compatibilityVersion = "Xcode 9.3";
			developmentRegion = en;
			hasScannedForEncodings = 0;
			knownRegions = (
				en,
				Base,
			);
			mainGroup = 4C1DE90C20C2E02700C045A4;
			productRefGroup = 4C1DE91620C2E02700C045A4 /* Products */;
			projectDirPath = "";
			projectRoot = "";
			targets = (
				4C1DE91420C2E02700C045A4 /* RxPrototype */,
			);
		};
/* End PBXProject section */

/* Begin PBXResourcesBuildPhase section */
		4C1DE91320C2E02700C045A4 /* Resources */ = {
			isa = PBXResourcesBuildPhase;
			buildActionMask = 2147483647;
			files = (
				4C1DE92320C2E02A00C045A4 /* LaunchScreen.storyboard in Resources */,
				4C1DE92020C2E02A00C045A4 /* Assets.xcassets in Resources */,
				4C1DE91E20C2E02800C045A4 /* Main.storyboard in Resources */,
			);
			runOnlyForDeploymentPostprocessing = 0;
		};
/* End PBXResourcesBuildPhase section */

/* Begin PBXSourcesBuildPhase section */
		4C1DE91120C2E02700C045A4 /* Sources */ = {
			isa = PBXSourcesBuildPhase;
			buildActionMask = 2147483647;
			files = (
				4C1DE93220C2E2EA00C045A4 /* ObservableTypeInt.swift in Sources */,
				4C1DE91B20C2E02800C045A4 /* ViewController.swift in Sources */,
				4C1DE92C20C2E04B00C045A4 /* RxProtocols.swift in Sources */,
				4C1DE93020C2E1B400C045A4 /* Something.swift in Sources */,
				4C1DE93620C2EF1800C045A4 /* Subscribe.swift in Sources */,
				4C1DE91920C2E02700C045A4 /* AppDelegate.swift in Sources */,
				4C1DE93420C2EA1800C045A4 /* Disposable.swift in Sources */,
				4C1DE92E20C2E0EA00C045A4 /* Just.swift in Sources */,
			);
			runOnlyForDeploymentPostprocessing = 0;
		};
/* End PBXSourcesBuildPhase section */

/* Begin PBXVariantGroup section */
		4C1DE91C20C2E02800C045A4 /* Main.storyboard */ = {
			isa = PBXVariantGroup;
			children = (
				4C1DE91D20C2E02800C045A4 /* Base */,
			);
			name = Main.storyboard;
			sourceTree = "<group>";
		};
		4C1DE92120C2E02A00C045A4 /* LaunchScreen.storyboard */ = {
			isa = PBXVariantGroup;
			children = (
				4C1DE92220C2E02A00C045A4 /* Base */,
			);
			name = LaunchScreen.storyboard;
			sourceTree = "<group>";
		};
/* End PBXVariantGroup section */

/* Begin XCBuildConfiguration section */
		4C1DE92520C2E02A00C045A4 /* Debug */ = {
			isa = XCBuildConfiguration;
			buildSettings = {
				ALWAYS_SEARCH_USER_PATHS = NO;
				CLANG_ANALYZER_NONNULL = YES;
				CLANG_ANALYZER_NUMBER_OBJECT_CONVERSION = YES_AGGRESSIVE;
				CLANG_CXX_LANGUAGE_STANDARD = "gnu++14";
				CLANG_CXX_LIBRARY = "libc++";
				CLANG_ENABLE_MODULES = YES;
				CLANG_ENABLE_OBJC_ARC = YES;
				CLANG_ENABLE_OBJC_WEAK = YES;
				CLANG_WARN_BLOCK_CAPTURE_AUTORELEASING = YES;
				CLANG_WARN_BOOL_CONVERSION = YES;
				CLANG_WARN_COMMA = YES;
				CLANG_WARN_CONSTANT_CONVERSION = YES;
				CLANG_WARN_DEPRECATED_OBJC_IMPLEMENTATIONS = YES;
				CLANG_WARN_DIRECT_OBJC_ISA_USAGE = YES_ERROR;
				CLANG_WARN_DOCUMENTATION_COMMENTS = YES;
				CLANG_WARN_EMPTY_BODY = YES;
				CLANG_WARN_ENUM_CONVERSION = YES;
				CLANG_WARN_INFINITE_RECURSION = YES;
				CLANG_WARN_INT_CONVERSION = YES;
				CLANG_WARN_NON_LITERAL_NULL_CONVERSION = YES;
				CLANG_WARN_OBJC_IMPLICIT_RETAIN_SELF = YES;
				CLANG_WARN_OBJC_LITERAL_CONVERSION = YES;
				CLANG_WARN_OBJC_ROOT_CLASS = YES_ERROR;
				CLANG_WARN_RANGE_LOOP_ANALYSIS = YES;
				CLANG_WARN_STRICT_PROTOTYPES = YES;
				CLANG_WARN_SUSPICIOUS_MOVE = YES;
				CLANG_WARN_UNGUARDED_AVAILABILITY = YES_AGGRESSIVE;
				CLANG_WARN_UNREACHABLE_CODE = YES;
				CLANG_WARN__DUPLICATE_METHOD_MATCH = YES;
				CODE_SIGN_IDENTITY = "iPhone Developer";
				COPY_PHASE_STRIP = NO;
				DEBUG_INFORMATION_FORMAT = dwarf;
				ENABLE_STRICT_OBJC_MSGSEND = YES;
				ENABLE_TESTABILITY = YES;
				GCC_C_LANGUAGE_STANDARD = gnu11;
				GCC_DYNAMIC_NO_PIC = NO;
				GCC_NO_COMMON_BLOCKS = YES;
				GCC_OPTIMIZATION_LEVEL = 0;
				GCC_PREPROCESSOR_DEFINITIONS = (
					"DEBUG=1",
					"$(inherited)",
				);
				GCC_WARN_64_TO_32_BIT_CONVERSION = YES;
				GCC_WARN_ABOUT_RETURN_TYPE = YES_ERROR;
				GCC_WARN_UNDECLARED_SELECTOR = YES;
				GCC_WARN_UNINITIALIZED_AUTOS = YES_AGGRESSIVE;
				GCC_WARN_UNUSED_FUNCTION = YES;
				GCC_WARN_UNUSED_VARIABLE = YES;
				IPHONEOS_DEPLOYMENT_TARGET = 11.4;
				MTL_ENABLE_DEBUG_INFO = YES;
				ONLY_ACTIVE_ARCH = YES;
				SDKROOT = iphoneos;
				SWIFT_ACTIVE_COMPILATION_CONDITIONS = DEBUG;
				SWIFT_OPTIMIZATION_LEVEL = "-Onone";
			};
			name = Debug;
		};
		4C1DE92620C2E02A00C045A4 /* Release */ = {
			isa = XCBuildConfiguration;
			buildSettings = {
				ALWAYS_SEARCH_USER_PATHS = NO;
				CLANG_ANALYZER_NONNULL = YES;
				CLANG_ANALYZER_NUMBER_OBJECT_CONVERSION = YES_AGGRESSIVE;
				CLANG_CXX_LANGUAGE_STANDARD = "gnu++14";
				CLANG_CXX_LIBRARY = "libc++";
				CLANG_ENABLE_MODULES = YES;
				CLANG_ENABLE_OBJC_ARC = YES;
				CLANG_ENABLE_OBJC_WEAK = YES;
				CLANG_WARN_BLOCK_CAPTURE_AUTORELEASING = YES;
				CLANG_WARN_BOOL_CONVERSION = YES;
				CLANG_WARN_COMMA = YES;
				CLANG_WARN_CONSTANT_CONVERSION = YES;
				CLANG_WARN_DEPRECATED_OBJC_IMPLEMENTATIONS = YES;
				CLANG_WARN_DIRECT_OBJC_ISA_USAGE = YES_ERROR;
				CLANG_WARN_DOCUMENTATION_COMMENTS = YES;
				CLANG_WARN_EMPTY_BODY = YES;
				CLANG_WARN_ENUM_CONVERSION = YES;
				CLANG_WARN_INFINITE_RECURSION = YES;
				CLANG_WARN_INT_CONVERSION = YES;
				CLANG_WARN_NON_LITERAL_NULL_CONVERSION = YES;
				CLANG_WARN_OBJC_IMPLICIT_RETAIN_SELF = YES;
				CLANG_WARN_OBJC_LITERAL_CONVERSION = YES;
				CLANG_WARN_OBJC_ROOT_CLASS = YES_ERROR;
				CLANG_WARN_RANGE_LOOP_ANALYSIS = YES;
				CLANG_WARN_STRICT_PROTOTYPES = YES;
				CLANG_WARN_SUSPICIOUS_MOVE = YES;
				CLANG_WARN_UNGUARDED_AVAILABILITY = YES_AGGRESSIVE;
				CLANG_WARN_UNREACHABLE_CODE = YES;
				CLANG_WARN__DUPLICATE_METHOD_MATCH = YES;
				CODE_SIGN_IDENTITY = "iPhone Developer";
				COPY_PHASE_STRIP = NO;
				DEBUG_INFORMATION_FORMAT = "dwarf-with-dsym";
				ENABLE_NS_ASSERTIONS = NO;
				ENABLE_STRICT_OBJC_MSGSEND = YES;
				GCC_C_LANGUAGE_STANDARD = gnu11;
				GCC_NO_COMMON_BLOCKS = YES;
				GCC_WARN_64_TO_32_BIT_CONVERSION = YES;
				GCC_WARN_ABOUT_RETURN_TYPE = YES_ERROR;
				GCC_WARN_UNDECLARED_SELECTOR = YES;
				GCC_WARN_UNINITIALIZED_AUTOS = YES_AGGRESSIVE;
				GCC_WARN_UNUSED_FUNCTION = YES;
				GCC_WARN_UNUSED_VARIABLE = YES;
				IPHONEOS_DEPLOYMENT_TARGET = 11.4;
				MTL_ENABLE_DEBUG_INFO = NO;
				SDKROOT = iphoneos;
				SWIFT_COMPILATION_MODE = wholemodule;
				SWIFT_OPTIMIZATION_LEVEL = "-O";
				VALIDATE_PRODUCT = YES;
			};
			name = Release;
		};
		4C1DE92820C2E02A00C045A4 /* Debug */ = {
			isa = XCBuildConfiguration;
			buildSettings = {
				ASSETCATALOG_COMPILER_APPICON_NAME = AppIcon;
				CODE_SIGN_STYLE = Automatic;
				DEVELOPMENT_TEAM = 9ZVHDWC4WU;
				INFOPLIST_FILE = RxPrototype/Info.plist;
				LD_RUNPATH_SEARCH_PATHS = (
					"$(inherited)",
					"@executable_path/Frameworks",
				);
				PRODUCT_BUNDLE_IDENTIFIER = com.hmlong.RxPrototype;
				PRODUCT_NAME = "$(TARGET_NAME)";
				SWIFT_VERSION = 4.0;
				TARGETED_DEVICE_FAMILY = "1,2";
			};
			name = Debug;
		};
		4C1DE92920C2E02A00C045A4 /* Release */ = {
			isa = XCBuildConfiguration;
			buildSettings = {
				ASSETCATALOG_COMPILER_APPICON_NAME = AppIcon;
				CODE_SIGN_STYLE = Automatic;
				DEVELOPMENT_TEAM = 9ZVHDWC4WU;
				INFOPLIST_FILE = RxPrototype/Info.plist;
				LD_RUNPATH_SEARCH_PATHS = (
					"$(inherited)",
					"@executable_path/Frameworks",
				);
				PRODUCT_BUNDLE_IDENTIFIER = com.hmlong.RxPrototype;
				PRODUCT_NAME = "$(TARGET_NAME)";
				SWIFT_VERSION = 4.0;
				TARGETED_DEVICE_FAMILY = "1,2";
			};
			name = Release;
		};
/* End XCBuildConfiguration section */

/* Begin XCConfigurationList section */
		4C1DE91020C2E02700C045A4 /* Build configuration list for PBXProject "RxPrototype" */ = {
			isa = XCConfigurationList;
			buildConfigurations = (
				4C1DE92520C2E02A00C045A4 /* Debug */,
				4C1DE92620C2E02A00C045A4 /* Release */,
			);
			defaultConfigurationIsVisible = 0;
			defaultConfigurationName = Release;
		};
		4C1DE92720C2E02A00C045A4 /* Build configuration list for PBXNativeTarget "RxPrototype" */ = {
			isa = XCConfigurationList;
			buildConfigurations = (
				4C1DE92820C2E02A00C045A4 /* Debug */,
				4C1DE92920C2E02A00C045A4 /* Release */,
			);
			defaultConfigurationIsVisible = 0;
			defaultConfigurationName = Release;
		};
/* End XCConfigurationList section */
	};
	rootObject = 4C1DE90D20C2E02700C045A4 /* Project object */;
}
